{
  "nodes": {
    "nix4nvchad": {
      "inputs": {
        "nixpkgs": [
          "nixpkgs"
        ],
        "nvchad-starter": "nvchad-starter"
      },
      "locked": {
        "lastModified": 1790046371,
        "narHash": "sha256-j1q/Bx89d5PM7CRBqdV1RDvmTwwfAqIBEthXg39pUWE=",
        "owner": "nix-community",
        "repo": "nix4nvchad",
        "rev": "706a5c7d9fb40395c9c4805a0316ab32622beb36",
        "type": "github"
      },
      "original": {
        "owner": "nix-community",
        "repo": "nix4nvchad",
        "type": "github"
      }
    },
    "nixpkgs": {
      "locked": {
        "lastModified": 1790578696,
        "narHash": "sha256-ZoxIApko70jCdbH3l20HWXOBaT2HZd87orzd2yJ9dVE=",
        "owner": "nixos",
        "repo": "nixpkgs",
        "rev": "7a0f122f5090cf4c2ade2a13a0e229d4e19ba71f",
        "type": "github"
      },
      "original": {
        "owner": "nixos",
        "ref": "nixos-unstable",
        "repo": "nixpkgs",
        "type": "github"
      }
    },
    "nvchad-starter": {
      "flake": false,
      "locked": {
        "lastModified": 1753939018,
        "narHash": "sha256-xdLr6tlU9uA+wu0pqha2br0fdVm+1MjgjbB5awz9ICU=",
        "owner": "NvChad",
        "repo": "starter",
        "rev": "e3572e1f5e1c297212c3deeb17b7863139ce663e",
        "type": "github"
      },
      "original": {
        "owner": "NvChad",
        "ref": "main",
        "repo": "starter",
        "type": "github"
      }
    },
    "root": {
      "inputs": {
        "nix4nvchad": "nix4nvchad",
        "nixpkgs": "nixpkgs"
      }
    }
  },
  "root": "root",
  "version": 7
}
